
Microsoft Visual Studio Solution File, Format Version 12.00
# Visual Studio Version 16
VisualStudioVersion = 25.0.1703.0
MinimumVisualStudioVersion = 10.0.40219.1
Project("{FAE04EC0-301F-11D3-BF4B-00C04F79EFBC}") = "DataAccessLayer", "DataAccessLayer\DataAccessLayer.csproj", "{0A40FA8F-63EF-4DB3-A19E-8EE42E9C44D0}"
EndProject
Project("{FAE04EC0-301F-11D3-BF4B-00C04F79EFBC}") = "BusinessLogicLayer", "BusinessLogicLayer\BusinessLogicLayer.csproj", "{AAE5E8AC-36CA-4B16-A8EF-CF7ABF3AFFDC}"
EndProject
Project("{FAE04EC0-301F-11D3-BF4B-00C04F79EFBC}") = "Models", "Models\Models.csproj", "{C5831378-EE82-4B81-B376-8BE7E97ADFB5}"
EndProject
Project("{FAE04EC0-301F-11D3-BF4B-00C04F79EFBC}") = "WebAPILayer", "FinanceManagement\WebAPILayer.csproj", "{6809AC79-95FE-4740-835E-C4F8E51ED27D}"
EndProject
Project("{FAE04EC0-301F-11D3-BF4B-00C04F79EFBC}") = "AndroidApp", "AndroidApp\AndroidApp.csproj", "{8C7581D0-FBF5-4E7D-A6FA-122C5A114DA2}"
EndProject
Project("{FAE04EC0-301F-11D3-BF4B-00C04F79EFBC}") = "IosApp", "IosApp\IosApp.csproj", "{C768B0AF-E262-4A9B-A816-45FF25BB8B20}"
EndProject
Global
	GlobalSection(SolutionConfigurationPlatforms) = preSolution
		Debug|Any CPU = Debug|Any CPU
		Release|Any CPU = Release|Any CPU
		Debug|iPhoneSimulator = Debug|iPhoneSimulator
		Release|iPhoneSimulator = Release|iPhoneSimulator
		Debug|iPhone = Debug|iPhone
		Release|iPhone = Release|iPhone
	EndGlobalSection
	GlobalSection(ProjectConfigurationPlatforms) = postSolution
		{0A40FA8F-63EF-4DB3-A19E-8EE42E9C44D0}.Debug|Any CPU.ActiveCfg = Debug|Any CPU
		{0A40FA8F-63EF-4DB3-A19E-8EE42E9C44D0}.Debug|Any CPU.Build.0 = Debug|Any CPU
		{0A40FA8F-63EF-4DB3-A19E-8EE42E9C44D0}.Release|Any CPU.ActiveCfg = Release|Any CPU
		{0A40FA8F-63EF-4DB3-A19E-8EE42E9C44D0}.Release|Any CPU.Build.0 = Release|Any CPU
		{0A40FA8F-63EF-4DB3-A19E-8EE42E9C44D0}.Debug|iPhoneSimulator.ActiveCfg = Debug|Any CPU
		{0A40FA8F-63EF-4DB3-A19E-8EE42E9C44D0}.Debug|iPhoneSimulator.Build.0 = Debug|Any CPU
		{0A40FA8F-63EF-4DB3-A19E-8EE42E9C44D0}.Release|iPhoneSimulator.ActiveCfg = Release|Any CPU
		{0A40FA8F-63EF-4DB3-A19E-8EE42E9C44D0}.Release|iPhoneSimulator.Build.0 = Release|Any CPU
		{0A40FA8F-63EF-4DB3-A19E-8EE42E9C44D0}.Debug|iPhone.ActiveCfg = Debug|Any CPU
		{0A40FA8F-63EF-4DB3-A19E-8EE42E9C44D0}.Debug|iPhone.Build.0 = Debug|Any CPU
		{0A40FA8F-63EF-4DB3-A19E-8EE42E9C44D0}.Release|iPhone.ActiveCfg = Release|Any CPU
		{0A40FA8F-63EF-4DB3-A19E-8EE42E9C44D0}.Release|iPhone.Build.0 = Release|Any CPU
		{AAE5E8AC-36CA-4B16-A8EF-CF7ABF3AFFDC}.Debug|Any CPU.ActiveCfg = Debug|Any CPU
		{AAE5E8AC-36CA-4B16-A8EF-CF7ABF3AFFDC}.Debug|Any CPU.Build.0 = Debug|Any CPU
		{AAE5E8AC-36CA-4B16-A8EF-CF7ABF3AFFDC}.Release|Any CPU.ActiveCfg = Release|Any CPU
		{AAE5E8AC-36CA-4B16-A8EF-CF7ABF3AFFDC}.Release|Any CPU.Build.0 = Release|Any CPU
		{AAE5E8AC-36CA-4B16-A8EF-CF7ABF3AFFDC}.Debug|iPhoneSimulator.ActiveCfg = Debug|Any CPU
		{AAE5E8AC-36CA-4B16-A8EF-CF7ABF3AFFDC}.Debug|iPhoneSimulator.Build.0 = Debug|Any CPU
		{AAE5E8AC-36CA-4B16-A8EF-CF7ABF3AFFDC}.Release|iPhoneSimulator.ActiveCfg = Release|Any CPU
		{AAE5E8AC-36CA-4B16-A8EF-CF7ABF3AFFDC}.Release|iPhoneSimulator.Build.0 = Release|Any CPU
		{AAE5E8AC-36CA-4B16-A8EF-CF7ABF3AFFDC}.Debug|iPhone.ActiveCfg = Debug|Any CPU
		{AAE5E8AC-36CA-4B16-A8EF-CF7ABF3AFFDC}.Debug|iPhone.Build.0 = Debug|Any CPU
		{AAE5E8AC-36CA-4B16-A8EF-CF7ABF3AFFDC}.Release|iPhone.ActiveCfg = Release|Any CPU
		{AAE5E8AC-36CA-4B16-A8EF-CF7ABF3AFFDC}.Release|iPhone.Build.0 = Release|Any CPU
		{C5831378-EE82-4B81-B376-8BE7E97ADFB5}.Debug|Any CPU.ActiveCfg = Debug|Any CPU
		{C5831378-EE82-4B81-B376-8BE7E97ADFB5}.Debug|Any CPU.Build.0 = Debug|Any CPU
		{C5831378-EE82-4B81-B376-8BE7E97ADFB5}.Release|Any CPU.ActiveCfg = Release|Any CPU
		{C5831378-EE82-4B81-B376-8BE7E97ADFB5}.Release|Any CPU.Build.0 = Release|Any CPU
		{C5831378-EE82-4B81-B376-8BE7E97ADFB5}.Debug|iPhoneSimulator.ActiveCfg = Debug|Any CPU
		{C5831378-EE82-4B81-B376-8BE7E97ADFB5}.Debug|iPhoneSimulator.Build.0 = Debug|Any CPU
		{C5831378-EE82-4B81-B376-8BE7E97ADFB5}.Release|iPhoneSimulator.ActiveCfg = Release|Any CPU
		{C5831378-EE82-4B81-B376-8BE7E97ADFB5}.Release|iPhoneSimulator.Build.0 = Release|Any CPU
		{C5831378-EE82-4B81-B376-8BE7E97ADFB5}.Debug|iPhone.ActiveCfg = Debug|Any CPU
		{C5831378-EE82-4B81-B376-8BE7E97ADFB5}.Debug|iPhone.Build.0 = Debug|Any CPU
		{C5831378-EE82-4B81-B376-8BE7E97ADFB5}.Release|iPhone.ActiveCfg = Release|Any CPU
		{C5831378-EE82-4B81-B376-8BE7E97ADFB5}.Release|iPhone.Build.0 = Release|Any CPU
		{6809AC79-95FE-4740-835E-C4F8E51ED27D}.Debug|Any CPU.ActiveCfg = Debug|Any CPU
		{6809AC79-95FE-4740-835E-C4F8E51ED27D}.Debug|Any CPU.Build.0 = Debug|Any CPU
		{6809AC79-95FE-4740-835E-C4F8E51ED27D}.Release|Any CPU.ActiveCfg = Release|Any CPU
		{6809AC79-95FE-4740-835E-C4F8E51ED27D}.Release|Any CPU.Build.0 = Release|Any CPU
		{6809AC79-95FE-4740-835E-C4F8E51ED27D}.Debug|iPhoneSimulator.ActiveCfg = Debug|Any CPU
		{6809AC79-95FE-4740-835E-C4F8E51ED27D}.Debug|iPhoneSimulator.Build.0 = Debug|Any CPU
		{6809AC79-95FE-4740-835E-C4F8E51ED27D}.Release|iPhoneSimulator.ActiveCfg = Release|Any CPU
		{6809AC79-95FE-4740-835E-C4F8E51ED27D}.Release|iPhoneSimulator.Build.0 = Release|Any CPU
		{6809AC79-95FE-4740-835E-C4F8E51ED27D}.Debug|iPhone.ActiveCfg = Debug|Any CPU
		{6809AC79-95FE-4740-835E-C4F8E51ED27D}.Debug|iPhone.Build.0 = Debug|Any CPU
		{6809AC79-95FE-4740-835E-C4F8E51ED27D}.Release|iPhone.ActiveCfg = Release|Any CPU
		{6809AC79-95FE-4740-835E-C4F8E51ED27D}.Release|iPhone.Build.0 = Release|Any CPU
		{8C7581D0-FBF5-4E7D-A6FA-122C5A114DA2}.Debug|Any CPU.ActiveCfg = Debug|Any CPU
		{8C7581D0-FBF5-4E7D-A6FA-122C5A114DA2}.Debug|Any CPU.Build.0 = Debug|Any CPU
		{8C7581D0-FBF5-4E7D-A6FA-122C5A114DA2}.Release|Any CPU.ActiveCfg = Release|Any CPU
		{8C7581D0-FBF5-4E7D-A6FA-122C5A114DA2}.Release|Any CPU.Build.0 = Release|Any CPU
		{8C7581D0-FBF5-4E7D-A6FA-122C5A114DA2}.Debug|iPhoneSimulator.ActiveCfg = Debug|Any CPU
		{8C7581D0-FBF5-4E7D-A6FA-122C5A114DA2}.Debug|iPhoneSimulator.Build.0 = Debug|Any CPU
		{8C7581D0-FBF5-4E7D-A6FA-122C5A114DA2}.Release|iPhoneSimulator.ActiveCfg = Release|Any CPU
		{8C7581D0-FBF5-4E7D-A6FA-122C5A114DA2}.Release|iPhoneSimulator.Build.0 = Release|Any CPU
		{8C7581D0-FBF5-4E7D-A6FA-122C5A114DA2}.Debug|iPhone.ActiveCfg = Debug|Any CPU
		{8C7581D0-FBF5-4E7D-A6FA-122C5A114DA2}.Debug|iPhone.Build.0 = Debug|Any CPU
		{8C7581D0-FBF5-4E7D-A6FA-122C5A114DA2}.Release|iPhone.ActiveCfg = Release|Any CPU
		{8C7581D0-FBF5-4E7D-A6FA-122C5A114DA2}.Release|iPhone.Build.0 = Release|Any CPU
		{C768B0AF-E262-4A9B-A816-45FF25BB8B20}.Debug|Any CPU.ActiveCfg = Debug|iPhoneSimulator
		{C768B0AF-E262-4A9B-A816-45FF25BB8B20}.Debug|Any CPU.Build.0 = Debug|iPhoneSimulator
		{C768B0AF-E262-4A9B-A816-45FF25BB8B20}.Release|Any CPU.ActiveCfg = Release|iPhoneSimulator
		{C768B0AF-E262-4A9B-A816-45FF25BB8B20}.Release|Any CPU.Build.0 = Release|iPhoneSimulator
		{C768B0AF-E262-4A9B-A816-45FF25BB8B20}.Debug|iPhoneSimulator.ActiveCfg = Debug|iPhoneSimulator
		{C768B0AF-E262-4A9B-A816-45FF25BB8B20}.Debug|iPhoneSimulator.Build.0 = Debug|iPhoneSimulator
		{C768B0AF-E262-4A9B-A816-45FF25BB8B20}.Release|iPhoneSimulator.ActiveCfg = Release|iPhoneSimulator
		{C768B0AF-E262-4A9B-A816-45FF25BB8B20}.Release|iPhoneSimulator.Build.0 = Release|iPhoneSimulator
		{C768B0AF-E262-4A9B-A816-45FF25BB8B20}.Debug|iPhone.ActiveCfg = Debug|iPhone
		{C768B0AF-E262-4A9B-A816-45FF25BB8B20}.Debug|iPhone.Build.0 = Debug|iPhone
		{C768B0AF-E262-4A9B-A816-45FF25BB8B20}.Release|iPhone.ActiveCfg = Release|iPhone
		{C768B0AF-E262-4A9B-A816-45FF25BB8B20}.Release|iPhone.Build.0 = Release|iPhone
	EndGlobalSection
	GlobalSection(SolutionProperties) = preSolution
		HideSolutionNode = FALSE
	EndGlobalSection
	GlobalSection(ExtensibilityGlobals) = postSolution
		SolutionGuid = {34357A74-33F3-457D-810B-E9C8DF0E4C53}
	EndGlobalSection
	GlobalSection(NestedProjects) = preSolution
	EndGlobalSection
EndGlobal
